// !$*UTF8*$!
{
	archiveVersion = 1;
	classes = {
	};
	objectVersion = 50;
	objects = {

/* Begin PBXBuildFile section */
		04443C7A22F20637009F7171 /* main.m in Sources */ = {isa = PBXBuildFile; fileRef = 04443C7922F20637009F7171 /* main.m */; };
		04443C8422F21364009F7171 /* Question.m in Sources */ = {isa = PBXBuildFile; fileRef = 04443C8322F21364009F7171 /* Question.m */; };
		04443C8722F3438E009F7171 /* InputHandler.m in Sources */ = {isa = PBXBuildFile; fileRef = 04443C8622F3438E009F7171 /* InputHandler.m */; };
		04443C8A22F34F90009F7171 /* ScoreKeeper.m in Sources */ = {isa = PBXBuildFile; fileRef = 04443C8922F34F90009F7171 /* ScoreKeeper.m */; };
		04443D2F22FBFB0E009F7171 /* QuestionManager.m in Sources */ = {isa = PBXBuildFile; fileRef = 04443D2E22FBFB0E009F7171 /* QuestionManager.m */; };
		04443D3E22FC8D68009F7171 /* DivitionQuestion.m in Sources */ = {isa = PBXBuildFile; fileRef = 04443D3D22FC8D68009F7171 /* DivitionQuestion.m */; };
		04443D4122FC8F44009F7171 /* AdditionQuestion.m in Sources */ = {isa = PBXBuildFile; fileRef = 04443D4022FC8F44009F7171 /* AdditionQuestion.m */; };
		04443D4422FC905D009F7171 /* MultipleQuestion.m in Sources */ = {isa = PBXBuildFile; fileRef = 04443D4322FC905D009F7171 /* MultipleQuestion.m */; };
		04443D4722FC909E009F7171 /* SubstractionQuestion.m in Sources */ = {isa = PBXBuildFile; fileRef = 04443D4622FC909E009F7171 /* SubstractionQuestion.m */; };
		04443D4A22FC9153009F7171 /* QuestionFactory.m in Sources */ = {isa = PBXBuildFile; fileRef = 04443D4922FC9153009F7171 /* QuestionFactory.m */; };
/* End PBXBuildFile section */

/* Begin PBXCopyFilesBuildPhase section */
		04443C7422F20637009F7171 /* CopyFiles */ = {
			isa = PBXCopyFilesBuildPhase;
			buildActionMask = 2147483647;
			dstPath = /usr/share/man/man1/;
			dstSubfolderSpec = 0;
			files = (
			);
			runOnlyForDeploymentPostprocessing = 1;
		};
/* End PBXCopyFilesBuildPhase section */

/* Begin PBXFileReference section */
		04443C7622F20637009F7171 /* Maths */ = {isa = PBXFileReference; explicitFileType = "compiled.mach-o.executable"; includeInIndex = 0; path = Maths; sourceTree = BUILT_PRODUCTS_DIR; };
		04443C7922F20637009F7171 /* main.m */ = {isa = PBXFileReference; lastKnownFileType = sourcecode.c.objc; path = main.m; sourceTree = "<group>"; };
		04443C8222F21364009F7171 /* Question.h */ = {isa = PBXFileReference; lastKnownFileType = sourcecode.c.h; path = Question.h; sourceTree = "<group>"; };
		04443C8322F21364009F7171 /* Question.m */ = {isa = PBXFileReference; lastKnownFileType = sourcecode.c.objc; path = Question.m; sourceTree = "<group>"; };
		04443C8522F3438E009F7171 /* InputHandler.h */ = {isa = PBXFileReference; lastKnownFileType = sourcecode.c.h; path = InputHandler.h; sourceTree = "<group>"; };
		04443C8622F3438E009F7171 /* InputHandler.m */ = {isa = PBXFileReference; lastKnownFileType = sourcecode.c.objc; path = InputHandler.m; sourceTree = "<group>"; };
		04443C8822F34F90009F7171 /* ScoreKeeper.h */ = {isa = PBXFileReference; lastKnownFileType = sourcecode.c.h; path = ScoreKeeper.h; sourceTree = "<group>"; };
		04443C8922F34F90009F7171 /* ScoreKeeper.m */ = {isa = PBXFileReference; lastKnownFileType = sourcecode.c.objc; path = ScoreKeeper.m; sourceTree = "<group>"; };
		04443D2D22FBFB0E009F7171 /* QuestionManager.h */ = {isa = PBXFileReference; lastKnownFileType = sourcecode.c.h; path = QuestionManager.h; sourceTree = "<group>"; };
		04443D2E22FBFB0E009F7171 /* QuestionManager.m */ = {isa = PBXFileReference; lastKnownFileType = sourcecode.c.objc; path = QuestionManager.m; sourceTree = "<group>"; };
		04443D3C22FC8D68009F7171 /* DivitionQuestion.h */ = {isa = PBXFileReference; lastKnownFileType = sourcecode.c.h; path = DivitionQuestion.h; sourceTree = "<group>"; };
		04443D3D22FC8D68009F7171 /* DivitionQuestion.m */ = {isa = PBXFileReference; lastKnownFileType = sourcecode.c.objc; path = DivitionQuestion.m; sourceTree = "<group>"; };
		04443D3F22FC8F44009F7171 /* AdditionQuestion.h */ = {isa = PBXFileReference; lastKnownFileType = sourcecode.c.h; path = AdditionQuestion.h; sourceTree = "<group>"; };
		04443D4022FC8F44009F7171 /* AdditionQuestion.m */ = {isa = PBXFileReference; lastKnownFileType = sourcecode.c.objc; path = AdditionQuestion.m; sourceTree = "<group>"; };
		04443D4222FC905D009F7171 /* MultipleQuestion.h */ = {isa = PBXFileReference; lastKnownFileType = sourcecode.c.h; path = MultipleQuestion.h; sourceTree = "<group>"; };
		04443D4322FC905D009F7171 /* MultipleQuestion.m */ = {isa = PBXFileReference; lastKnownFileType = sourcecode.c.objc; path = MultipleQuestion.m; sourceTree = "<group>"; };
		04443D4522FC909E009F7171 /* SubstractionQuestion.h */ = {isa = PBXFileReference; lastKnownFileType = sourcecode.c.h; path = SubstractionQuestion.h; sourceTree = "<group>"; };
		04443D4622FC909E009F7171 /* SubstractionQuestion.m */ = {isa = PBXFileReference; lastKnownFileType = sourcecode.c.objc; path = SubstractionQuestion.m; sourceTree = "<group>"; };
		04443D4822FC9153009F7171 /* QuestionFactory.h */ = {isa = PBXFileReference; lastKnownFileType = sourcecode.c.h; path = QuestionFactory.h; sourceTree = "<group>"; };
		04443D4922FC9153009F7171 /* QuestionFactory.m */ = {isa = PBXFileReference; lastKnownFileType = sourcecode.c.objc; path = QuestionFactory.m; sourceTree = "<group>"; };
/* End PBXFileReference section */

/* Begin PBXFrameworksBuildPhase section */
		04443C7322F20637009F7171 /* Frameworks */ = {
			isa = PBXFrameworksBuildPhase;
			buildActionMask = 2147483647;
			files = (
			);
			runOnlyForDeploymentPostprocessing = 0;
		};
/* End PBXFrameworksBuildPhase section */

/* Begin PBXGroup section */
		04443C6D22F20637009F7171 = {
			isa = PBXGroup;
			children = (
				04443C7822F20637009F7171 /* Maths */,
				04443C7722F20637009F7171 /* Products */,
			);
			sourceTree = "<group>";
		};
		04443C7722F20637009F7171 /* Products */ = {
			isa = PBXGroup;
			children = (
				04443C7622F20637009F7171 /* Maths */,
			);
			name = Products;
			sourceTree = "<group>";
		};
		04443C7822F20637009F7171 /* Maths */ = {
			isa = PBXGroup;
			children = (
				04443D4B22FC9B2A009F7171 /* New Group */,
				04443C7922F20637009F7171 /* main.m */,
				04443D4822FC9153009F7171 /* QuestionFactory.h */,
				04443D4922FC9153009F7171 /* QuestionFactory.m */,
				04443D4522FC909E009F7171 /* SubstractionQuestion.h */,
				04443D4622FC909E009F7171 /* SubstractionQuestion.m */,
				04443D4222FC905D009F7171 /* MultipleQuestion.h */,
				04443D4322FC905D009F7171 /* MultipleQuestion.m */,
				04443C8822F34F90009F7171 /* ScoreKeeper.h */,
				04443C8922F34F90009F7171 /* ScoreKeeper.m */,
				04443C8222F21364009F7171 /* Question.h */,
				04443C8322F21364009F7171 /* Question.m */,
				04443C8522F3438E009F7171 /* InputHandler.h */,
				04443C8622F3438E009F7171 /* InputHandler.m */,
				04443D2D22FBFB0E009F7171 /* QuestionManager.h */,
				04443D2E22FBFB0E009F7171 /* QuestionManager.m */,
				04443D3C22FC8D68009F7171 /* DivitionQuestion.h */,
				04443D3D22FC8D68009F7171 /* DivitionQuestion.m */,
				04443D3F22FC8F44009F7171 /* AdditionQuestion.h */,
				04443D4022FC8F44009F7171 /* AdditionQuestion.m */,
			);
			path = Maths;
			sourceTree = "<group>";
		};
		04443D4B22FC9B2A009F7171 /* New Group */ = {
			isa = PBXGroup;
			children = (
			);
			path = "New Group";
			sourceTree = "<group>";
		};
/* End PBXGroup section */

/* Begin PBXNativeTarget section */
		04443C7522F20637009F7171 /* Maths */ = {
			isa = PBXNativeTarget;
			buildConfigurationList = 04443C7D22F20637009F7171 /* Build configuration list for PBXNativeTarget "Maths" */;
			buildPhases = (
				04443C7222F20637009F7171 /* Sources */,
				04443C7322F20637009F7171 /* Frameworks */,
				04443C7422F20637009F7171 /* CopyFiles */,
			);
			buildRules = (
			);
			dependencies = (
			);
			name = Maths;
			productName = Maths;
			productReference = 04443C7622F20637009F7171 /* Maths */;
			productType = "com.apple.product-type.tool";
		};
/* End PBXNativeTarget section */

/* Begin PBXProject section */
		04443C6E22F20637009F7171 /* Project object */ = {
			isa = PBXProject;
			attributes = {
				LastUpgradeCheck = 1030;
				ORGANIZATIONNAME = "Yamashtia Keisuke";
				TargetAttributes = {
					04443C7522F20637009F7171 = {
						CreatedOnToolsVersion = 10.3;
					};
				};
			};
			buildConfigurationList = 04443C7122F20637009F7171 /* Build configuration list for PBXProject "Maths" */;
			compatibilityVersion = "Xcode 9.3";
			developmentRegion = en;
			hasScannedForEncodings = 0;
			knownRegions = (
				en,
			);
			mainGroup = 04443C6D22F20637009F7171;
			productRefGroup = 04443C7722F20637009F7171 /* Products */;
			projectDirPath = "";
			projectRoot = "";
			targets = (
				04443C7522F20637009F7171 /* Maths */,
			);
		};
/* End PBXProject section */

/* Begin PBXSourcesBuildPhase section */
		04443C7222F20637009F7171 /* Sources */ = {
			isa = PBXSourcesBuildPhase;
			buildActionMask = 2147483647;
			files = (
				04443D2F22FBFB0E009F7171 /* QuestionManager.m in Sources */,
				04443D4422FC905D009F7171 /* MultipleQuestion.m in Sources */,
				04443C8A22F34F90009F7171 /* ScoreKeeper.m in Sources */,
				04443C7A22F20637009F7171 /* main.m in Sources */,
				04443C8722F3438E009F7171 /* InputHandler.m in Sources */,
				04443C8422F21364009F7171 /* Question.m in Sources */,
				04443D4722FC909E009F7171 /* SubstractionQuestion.m in Sources */,
				04443D4122FC8F44009F7171 /* AdditionQuestion.m in Sources */,
				04443D4A22FC9153009F7171 /* QuestionFactory.m in Sources */,
				04443D3E22FC8D68009F7171 /* DivitionQuestion.m in Sources */,
			);
			runOnlyForDeploymentPostprocessing = 0;
		};
/* End PBXSourcesBuildPhase section */

/* Begin XCBuildConfiguration section */
		04443C7B22F20637009F7171 /* Debug */ = {
			isa = XCBuildConfiguration;
			buildSettings = {
				ALWAYS_SEARCH_USER_PATHS = NO;
				CLANG_ANALYZER_NONNULL = YES;
				CLANG_ANALYZER_NUMBER_OBJECT_CONVERSION = YES_AGGRESSIVE;
				CLANG_CXX_LANGUAGE_STANDARD = "gnu++14";
				CLANG_CXX_LIBRARY = "libc++";
				CLANG_ENABLE_MODULES = YES;
				CLANG_ENABLE_OBJC_ARC = YES;
				CLANG_ENABLE_OBJC_WEAK = YES;
				CLANG_WARN_BLOCK_CAPTURE_AUTORELEASING = YES;
				CLANG_WARN_BOOL_CONVERSION = YES;
				CLANG_WARN_COMMA = YES;
				CLANG_WARN_CONSTANT_CONVERSION = YES;
				CLANG_WARN_DEPRECATED_OBJC_IMPLEMENTATIONS = YES;
				CLANG_WARN_DIRECT_OBJC_ISA_USAGE = YES_ERROR;
				CLANG_WARN_DOCUMENTATION_COMMENTS = YES;
				CLANG_WARN_EMPTY_BODY = YES;
				CLANG_WARN_ENUM_CONVERSION = YES;
				CLANG_WARN_INFINITE_RECURSION = YES;
				CLANG_WARN_INT_CONVERSION = YES;
				CLANG_WARN_NON_LITERAL_NULL_CONVERSION = YES;
				CLANG_WARN_OBJC_IMPLICIT_RETAIN_SELF = YES;
				CLANG_WARN_OBJC_LITERAL_CONVERSION = YES;
				CLANG_WARN_OBJC_ROOT_CLASS = YES_ERROR;
				CLANG_WARN_RANGE_LOOP_ANALYSIS = YES;
				CLANG_WARN_STRICT_PROTOTYPES = YES;
				CLANG_WARN_SUSPICIOUS_MOVE = YES;
				CLANG_WARN_UNGUARDED_AVAILABILITY = YES_AGGRESSIVE;
				CLANG_WARN_UNREACHABLE_CODE = YES;
				CLANG_WARN__DUPLICATE_METHOD_MATCH = YES;
				CODE_SIGN_IDENTITY = "Mac Developer";
				COPY_PHASE_STRIP = NO;
				DEBUG_INFORMATION_FORMAT = dwarf;
				ENABLE_STRICT_OBJC_MSGSEND = YES;
				ENABLE_TESTABILITY = YES;
				GCC_C_LANGUAGE_STANDARD = gnu11;
				GCC_DYNAMIC_NO_PIC = NO;
				GCC_NO_COMMON_BLOCKS = YES;
				GCC_OPTIMIZATION_LEVEL = 0;
				GCC_PREPROCESSOR_DEFINITIONS = (
					"DEBUG=1",
					"$(inherited)",
				);
				GCC_WARN_64_TO_32_BIT_CONVERSION = YES;
				GCC_WARN_ABOUT_RETURN_TYPE = YES_ERROR;
				GCC_WARN_UNDECLARED_SELECTOR = YES;
				GCC_WARN_UNINITIALIZED_AUTOS = YES_AGGRESSIVE;
				GCC_WARN_UNUSED_FUNCTION = YES;
				GCC_WARN_UNUSED_VARIABLE = YES;
				MACOSX_DEPLOYMENT_TARGET = 10.14;
				MTL_ENABLE_DEBUG_INFO = INCLUDE_SOURCE;
				MTL_FAST_MATH = YES;
				ONLY_ACTIVE_ARCH = YES;
				SDKROOT = macosx;
			};
			name = Debug;
		};
		04443C7C22F20637009F7171 /* Release */ = {
			isa = XCBuildConfiguration;
			buildSettings = {
				ALWAYS_SEARCH_USER_PATHS = NO;
				CLANG_ANALYZER_NONNULL = YES;
				CLANG_ANALYZER_NUMBER_OBJECT_CONVERSION = YES_AGGRESSIVE;
				CLANG_CXX_LANGUAGE_STANDARD = "gnu++14";
				CLANG_CXX_LIBRARY = "libc++";
				CLANG_ENABLE_MODULES = YES;
				CLANG_ENABLE_OBJC_ARC = YES;
				CLANG_ENABLE_OBJC_WEAK = YES;
				CLANG_WARN_BLOCK_CAPTURE_AUTORELEASING = YES;
				CLANG_WARN_BOOL_CONVERSION = YES;
				CLANG_WARN_COMMA = YES;
				CLANG_WARN_CONSTANT_CONVERSION = YES;
				CLANG_WARN_DEPRECATED_OBJC_IMPLEMENTATIONS = YES;
				CLANG_WARN_DIRECT_OBJC_ISA_USAGE = YES_ERROR;
				CLANG_WARN_DOCUMENTATION_COMMENTS = YES;
				CLANG_WARN_EMPTY_BODY = YES;
				CLANG_WARN_ENUM_CONVERSION = YES;
				CLANG_WARN_INFINITE_RECURSION = YES;
				CLANG_WARN_INT_CONVERSION = YES;
				CLANG_WARN_NON_LITERAL_NULL_CONVERSION = YES;
				CLANG_WARN_OBJC_IMPLICIT_RETAIN_SELF = YES;
				CLANG_WARN_OBJC_LITERAL_CONVERSION = YES;
				CLANG_WARN_OBJC_ROOT_CLASS = YES_ERROR;
				CLANG_WARN_RANGE_LOOP_ANALYSIS = YES;
				CLANG_WARN_STRICT_PROTOTYPES = YES;
				CLANG_WARN_SUSPICIOUS_MOVE = YES;
				CLANG_WARN_UNGUARDED_AVAILABILITY = YES_AGGRESSIVE;
				CLANG_WARN_UNREACHABLE_CODE = YES;
				CLANG_WARN__DUPLICATE_METHOD_MATCH = YES;
				CODE_SIGN_IDENTITY = "Mac Developer";
				COPY_PHASE_STRIP = NO;
				DEBUG_INFORMATION_FORMAT = "dwarf-with-dsym";
				ENABLE_NS_ASSERTIONS = NO;
				ENABLE_STRICT_OBJC_MSGSEND = YES;
				GCC_C_LANGUAGE_STANDARD = gnu11;
				GCC_NO_COMMON_BLOCKS = YES;
				GCC_WARN_64_TO_32_BIT_CONVERSION = YES;
				GCC_WARN_ABOUT_RETURN_TYPE = YES_ERROR;
				GCC_WARN_UNDECLARED_SELECTOR = YES;
				GCC_WARN_UNINITIALIZED_AUTOS = YES_AGGRESSIVE;
				GCC_WARN_UNUSED_FUNCTION = YES;
				GCC_WARN_UNUSED_VARIABLE = YES;
				MACOSX_DEPLOYMENT_TARGET = 10.14;
				MTL_ENABLE_DEBUG_INFO = NO;
				MTL_FAST_MATH = YES;
				SDKROOT = macosx;
			};
			name = Release;
		};
		04443C7E22F20637009F7171 /* Debug */ = {
			isa = XCBuildConfiguration;
			buildSettings = {
				CODE_SIGN_STYLE = Automatic;
				DEVELOPMENT_TEAM = FM3SAVJ89A;
				PRODUCT_NAME = "$(TARGET_NAME)";
			};
			name = Debug;
		};
		04443C7F22F20637009F7171 /* Release */ = {
			isa = XCBuildConfiguration;
			buildSettings = {
				CODE_SIGN_STYLE = Automatic;
				DEVELOPMENT_TEAM = FM3SAVJ89A;
				PRODUCT_NAME = "$(TARGET_NAME)";
			};
			name = Release;
		};
/* End XCBuildConfiguration section */

/* Begin XCConfigurationList section */
		04443C7122F20637009F7171 /* Build configuration list for PBXProject "Maths" */ = {
			isa = XCConfigurationList;
			buildConfigurations = (
				04443C7B22F20637009F7171 /* Debug */,
				04443C7C22F20637009F7171 /* Release */,
			);
			defaultConfigurationIsVisible = 0;
			defaultConfigurationName = Release;
		};
		04443C7D22F20637009F7171 /* Build configuration list for PBXNativeTarget "Maths" */ = {
			isa = XCConfigurationList;
			buildConfigurations = (
				04443C7E22F20637009F7171 /* Debug */,
				04443C7F22F20637009F7171 /* Release */,
			);
			defaultConfigurationIsVisible = 0;
			defaultConfigurationName = Release;
		};
/* End XCConfigurationList section */
	};
	rootObject = 04443C6E22F20637009F7171 /* Project object */;
}
